
Microsoft Visual Studio Solution File, Format Version 12.00
# Visual Studio 15
VisualStudioVersion = 15.0.27703.2042
MinimumVisualStudioVersion = 10.0.40219.1
Project("{FAE04EC0-301F-11D3-BF4B-00C04F79EFBC}") = "IODemo", "IODemo\IODemo.csproj", "{2D385593-14EB-4D9D-A470-A87CDF4136B2}"
EndProject
Global
	GlobalSection(SolutionConfigurationPlatforms) = preSolution
		Debug|Any CPU = Debug|Any CPU
		Release|Any CPU = Release|Any CPU
	EndGlobalSection
	GlobalSection(ProjectConfigurationPlatforms) = postSolution
		{2D385593-14EB-4D9D-A470-A87CDF4136B2}.Debug|Any CPU.ActiveCfg = Debug|Any CPU
		{2D385593-14EB-4D9D-A470-A87CDF4136B2}.Debug|Any CPU.Build.0 = Debug|Any CPU
		{2D385593-14EB-4D9D-A470-A87CDF4136B2}.Release|Any CPU.ActiveCfg = Release|Any CPU
		{2D385593-14EB-4D9D-A470-A87CDF4136B2}.Release|Any CPU.Build.0 = Release|Any CPU
	EndGlobalSection
	GlobalSection(SolutionProperties) = preSolution
		HideSolutionNode = FALSE
	EndGlobalSection
	GlobalSection(ExtensibilityGlobals) = postSolution
		SolutionGuid = {EEFC4D7F-B684-4765-A737-96CFCC86C9DD}
	EndGlobalSection
EndGlobal
